
Microsoft Visual Studio Solution File, Format Version 12.00
# Visual Studio Version 17
VisualStudioVersion = 17.5.33627.172
MinimumVisualStudioVersion = 10.0.40219.1
Project("{D954291E-2A0B-460D-934E-DC6B0785DB48}") = "SharedProject", "SharedProject\SharedProject.shproj", "{9C7A67CA-819F-4859-82EA-62A556F37489}"
EndProject
Project("{9A19103F-16F7-4668-BE54-9A1E7A4F7556}") = "BlazorApp2", "BlazorApp2\BlazorApp2.csproj", "{AB37D593-93BB-4032-97BA-0737FD6F7CAA}"
EndProject
Project("{9A19103F-16F7-4668-BE54-9A1E7A4F7556}") = "LegalDebtWebsiteDotNet7", "LegalDebtWebsiteDotNet7\LegalDebtWebsiteDotNet7.csproj", "{DE700CA3-71C4-4FC9-A6A0-678E4803E8C9}"
EndProject
Global
	GlobalSection(SolutionConfigurationPlatforms) = preSolution
		Debug|Any CPU = Debug|Any CPU
		Release|Any CPU = Release|Any CPU
	EndGlobalSection
	GlobalSection(ProjectConfigurationPlatforms) = postSolution
		{9C7A67CA-819F-4859-82EA-62A556F37489}.Debug|Any CPU.ActiveCfg = Debug|Any CPU
		{9C7A67CA-819F-4859-82EA-62A556F37489}.Release|Any CPU.ActiveCfg = Release|Any CPU
		{AB37D593-93BB-4032-97BA-0737FD6F7CAA}.Debug|Any CPU.ActiveCfg = Debug|Any CPU
		{AB37D593-93BB-4032-97BA-0737FD6F7CAA}.Release|Any CPU.ActiveCfg = Release|Any CPU
		{AB37D593-93BB-4032-97BA-0737FD6F7CAA}.Release|Any CPU.Build.0 = Release|Any CPU
		{DE700CA3-71C4-4FC9-A6A0-678E4803E8C9}.Debug|Any CPU.ActiveCfg = Debug|Any CPU
		{DE700CA3-71C4-4FC9-A6A0-678E4803E8C9}.Debug|Any CPU.Build.0 = Debug|Any CPU
		{DE700CA3-71C4-4FC9-A6A0-678E4803E8C9}.Release|Any CPU.ActiveCfg = Release|Any CPU
		{DE700CA3-71C4-4FC9-A6A0-678E4803E8C9}.Release|Any CPU.Build.0 = Release|Any CPU
	EndGlobalSection
	GlobalSection(SolutionProperties) = preSolution
		HideSolutionNode = FALSE
	EndGlobalSection
	GlobalSection(ExtensibilityGlobals) = postSolution
		SolutionGuid = {5AEB3EF8-7806-4273-AEEA-6896CFDF9633}
	EndGlobalSection
	GlobalSection(SharedMSBuildProjectFiles) = preSolution
		SharedProject\SharedProject.projitems*{9c7a67ca-819f-4859-82ea-62a556f37489}*SharedItemsImports = 13
		SharedProject\SharedProject.projitems*{ab37d593-93bb-4032-97ba-0737fd6f7caa}*SharedItemsImports = 5
	EndGlobalSection
EndGlobal
